
Microsoft Visual Studio Solution File, Format Version 12.00
# Visual Studio Version 17
VisualStudioVersion = 17.0.31903.59
MinimumVisualStudioVersion = 10.0.40219.1
Project("{FAE04EC0-301F-11D3-BF4B-00C04F79EFBC}") = "IdentityService", "IdentityService\IdentityService.csproj", "{5AF263B3-B94A-49D4-A8FA-9C3B943A17E9}"
EndProject
Project("{FAE04EC0-301F-11D3-BF4B-00C04F79EFBC}") = "SignatureService", "SignatureService\SignatureService.csproj", "{76816964-2A79-4ED9-93A1-8AFDB7A80583}"
EndProject
Project("{FAE04EC0-301F-11D3-BF4B-00C04F79EFBC}") = "SharedLibrary", "SharedLibrary\SharedLibrary.csproj", "{68234F1A-FC22-4715-9B23-FD3D5313E33D}"
EndProject
Project("{FAE04EC0-301F-11D3-BF4B-00C04F79EFBC}") = "signature-react-client", "signature-react-client\signature-react-client.csproj", "{31A644D1-06FC-42EE-A961-84CAC5D40B62}"
EndProject
Global
	GlobalSection(SolutionConfigurationPlatforms) = preSolution
		Debug|Any CPU = Debug|Any CPU
		Debug|x64 = Debug|x64
		Debug|x86 = Debug|x86
		Release|Any CPU = Release|Any CPU
		Release|x64 = Release|x64
		Release|x86 = Release|x86
	EndGlobalSection
	GlobalSection(ProjectConfigurationPlatforms) = postSolution
		{5AF263B3-B94A-49D4-A8FA-9C3B943A17E9}.Debug|Any CPU.ActiveCfg = Debug|Any CPU
		{5AF263B3-B94A-49D4-A8FA-9C3B943A17E9}.Debug|Any CPU.Build.0 = Debug|Any CPU
		{5AF263B3-B94A-49D4-A8FA-9C3B943A17E9}.Debug|x64.ActiveCfg = Debug|Any CPU
		{5AF263B3-B94A-49D4-A8FA-9C3B943A17E9}.Debug|x64.Build.0 = Debug|Any CPU
		{5AF263B3-B94A-49D4-A8FA-9C3B943A17E9}.Debug|x86.ActiveCfg = Debug|Any CPU
		{5AF263B3-B94A-49D4-A8FA-9C3B943A17E9}.Debug|x86.Build.0 = Debug|Any CPU
		{5AF263B3-B94A-49D4-A8FA-9C3B943A17E9}.Release|Any CPU.ActiveCfg = Release|Any CPU
		{5AF263B3-B94A-49D4-A8FA-9C3B943A17E9}.Release|Any CPU.Build.0 = Release|Any CPU
		{5AF263B3-B94A-49D4-A8FA-9C3B943A17E9}.Release|x64.ActiveCfg = Release|Any CPU
		{5AF263B3-B94A-49D4-A8FA-9C3B943A17E9}.Release|x64.Build.0 = Release|Any CPU
		{5AF263B3-B94A-49D4-A8FA-9C3B943A17E9}.Release|x86.ActiveCfg = Release|Any CPU
		{5AF263B3-B94A-49D4-A8FA-9C3B943A17E9}.Release|x86.Build.0 = Release|Any CPU
		{76816964-2A79-4ED9-93A1-8AFDB7A80583}.Debug|Any CPU.ActiveCfg = Debug|Any CPU
		{76816964-2A79-4ED9-93A1-8AFDB7A80583}.Debug|Any CPU.Build.0 = Debug|Any CPU
		{76816964-2A79-4ED9-93A1-8AFDB7A80583}.Debug|x64.ActiveCfg = Debug|Any CPU
		{76816964-2A79-4ED9-93A1-8AFDB7A80583}.Debug|x64.Build.0 = Debug|Any CPU
		{76816964-2A79-4ED9-93A1-8AFDB7A80583}.Debug|x86.ActiveCfg = Debug|Any CPU
		{76816964-2A79-4ED9-93A1-8AFDB7A80583}.Debug|x86.Build.0 = Debug|Any CPU
		{76816964-2A79-4ED9-93A1-8AFDB7A80583}.Release|Any CPU.ActiveCfg = Release|Any CPU
		{76816964-2A79-4ED9-93A1-8AFDB7A80583}.Release|Any CPU.Build.0 = Release|Any CPU
		{76816964-2A79-4ED9-93A1-8AFDB7A80583}.Release|x64.ActiveCfg = Release|Any CPU
		{76816964-2A79-4ED9-93A1-8AFDB7A80583}.Release|x64.Build.0 = Release|Any CPU
		{76816964-2A79-4ED9-93A1-8AFDB7A80583}.Release|x86.ActiveCfg = Release|Any CPU
		{76816964-2A79-4ED9-93A1-8AFDB7A80583}.Release|x86.Build.0 = Release|Any CPU
		{68234F1A-FC22-4715-9B23-FD3D5313E33D}.Debug|Any CPU.ActiveCfg = Debug|Any CPU
		{68234F1A-FC22-4715-9B23-FD3D5313E33D}.Debug|Any CPU.Build.0 = Debug|Any CPU
		{68234F1A-FC22-4715-9B23-FD3D5313E33D}.Debug|x64.ActiveCfg = Debug|Any CPU
		{68234F1A-FC22-4715-9B23-FD3D5313E33D}.Debug|x64.Build.0 = Debug|Any CPU
		{68234F1A-FC22-4715-9B23-FD3D5313E33D}.Debug|x86.ActiveCfg = Debug|Any CPU
		{68234F1A-FC22-4715-9B23-FD3D5313E33D}.Debug|x86.Build.0 = Debug|Any CPU
		{68234F1A-FC22-4715-9B23-FD3D5313E33D}.Release|Any CPU.ActiveCfg = Release|Any CPU
		{68234F1A-FC22-4715-9B23-FD3D5313E33D}.Release|Any CPU.Build.0 = Release|Any CPU
		{68234F1A-FC22-4715-9B23-FD3D5313E33D}.Release|x64.ActiveCfg = Release|Any CPU
		{68234F1A-FC22-4715-9B23-FD3D5313E33D}.Release|x64.Build.0 = Release|Any CPU
		{68234F1A-FC22-4715-9B23-FD3D5313E33D}.Release|x86.ActiveCfg = Release|Any CPU
		{68234F1A-FC22-4715-9B23-FD3D5313E33D}.Release|x86.Build.0 = Release|Any CPU
		{31A644D1-06FC-42EE-A961-84CAC5D40B62}.Debug|Any CPU.ActiveCfg = Debug|Any CPU
		{31A644D1-06FC-42EE-A961-84CAC5D40B62}.Debug|Any CPU.Build.0 = Debug|Any CPU
		{31A644D1-06FC-42EE-A961-84CAC5D40B62}.Debug|x64.ActiveCfg = Debug|Any CPU
		{31A644D1-06FC-42EE-A961-84CAC5D40B62}.Debug|x64.Build.0 = Debug|Any CPU
		{31A644D1-06FC-42EE-A961-84CAC5D40B62}.Debug|x86.ActiveCfg = Debug|Any CPU
		{31A644D1-06FC-42EE-A961-84CAC5D40B62}.Debug|x86.Build.0 = Debug|Any CPU
		{31A644D1-06FC-42EE-A961-84CAC5D40B62}.Release|Any CPU.ActiveCfg = Release|Any CPU
		{31A644D1-06FC-42EE-A961-84CAC5D40B62}.Release|Any CPU.Build.0 = Release|Any CPU
		{31A644D1-06FC-42EE-A961-84CAC5D40B62}.Release|x64.ActiveCfg = Release|Any CPU
		{31A644D1-06FC-42EE-A961-84CAC5D40B62}.Release|x64.Build.0 = Release|Any CPU
		{31A644D1-06FC-42EE-A961-84CAC5D40B62}.Release|x86.ActiveCfg = Release|Any CPU
		{31A644D1-06FC-42EE-A961-84CAC5D40B62}.Release|x86.Build.0 = Release|Any CPU
	EndGlobalSection
	GlobalSection(SolutionProperties) = preSolution
		HideSolutionNode = FALSE
	EndGlobalSection
EndGlobal
